
Microsoft Visual Studio Solution File, Format Version 11.00
# Visual Studio 2010 Express for Windows Phone
Project("{FAE04EC0-301F-11D3-BF4B-00C04F79EFBC}") = "Electric Potatoe TD", "Electric Potatoe TD\Electric Potatoe TD\Electric Potatoe TD.csproj", "{A68D6E41-A9D4-4CA5-97E4-6073B4961BA7}"
EndProject
Project("{FAE04EC0-301F-11D3-BF4B-00C04F79EFBC}") = "Electric Potatoe TDContent", "Electric Potatoe TD\Electric Potatoe TDContent\Electric Potatoe TDContent.contentproj", "{376F74FB-B766-404C-A358-6426DB6A57D8}"
EndProject
Global
	GlobalSection(SolutionConfigurationPlatforms) = preSolution
		Debug|Windows Phone = Debug|Windows Phone
		Release|Windows Phone = Release|Windows Phone
	EndGlobalSection
	GlobalSection(ProjectConfigurationPlatforms) = postSolution
		{A68D6E41-A9D4-4CA5-97E4-6073B4961BA7}.Debug|Windows Phone.ActiveCfg = Release|Windows Phone
		{A68D6E41-A9D4-4CA5-97E4-6073B4961BA7}.Debug|Windows Phone.Build.0 = Release|Windows Phone
		{A68D6E41-A9D4-4CA5-97E4-6073B4961BA7}.Debug|Windows Phone.Deploy.0 = Release|Windows Phone
		{A68D6E41-A9D4-4CA5-97E4-6073B4961BA7}.Release|Windows Phone.ActiveCfg = Release|Windows Phone
		{A68D6E41-A9D4-4CA5-97E4-6073B4961BA7}.Release|Windows Phone.Build.0 = Release|Windows Phone
		{A68D6E41-A9D4-4CA5-97E4-6073B4961BA7}.Release|Windows Phone.Deploy.0 = Release|Windows Phone
		{376F74FB-B766-404C-A358-6426DB6A57D8}.Debug|Windows Phone.ActiveCfg = Debug|Windows Phone
		{376F74FB-B766-404C-A358-6426DB6A57D8}.Release|Windows Phone.ActiveCfg = Release|Windows Phone
	EndGlobalSection
	GlobalSection(SolutionProperties) = preSolution
		HideSolutionNode = FALSE
	EndGlobalSection
EndGlobal
